// !$*UTF8*$!
{
	archiveVersion = 1;
	classes = {
	};
	objectVersion = 46;
	objects = {

/* Begin PBXBuildFile section */
		041347CC1AF8B0AF0015E38E /* main.m in Sources */ = {isa = PBXBuildFile; fileRef = 041347CB1AF8B0AF0015E38E /* main.m */; };
		041347CF1AF8B0AF0015E38E /* AppDelegate.m in Sources */ = {isa = PBXBuildFile; fileRef = 041347CE1AF8B0AF0015E38E /* AppDelegate.m */; };
		041347D21AF8B0AF0015E38E /* DiscoverViewController.m in Sources */ = {isa = PBXBuildFile; fileRef = 041347D11AF8B0AF0015E38E /* DiscoverViewController.m */; };
		041347D51AF8B0AF0015E38E /* MySpaceViewController.m in Sources */ = {isa = PBXBuildFile; fileRef = 041347D41AF8B0AF0015E38E /* MySpaceViewController.m */; };
		041347D81AF8B0AF0015E38E /* Main.storyboard in Resources */ = {isa = PBXBuildFile; fileRef = 041347D61AF8B0AF0015E38E /* Main.storyboard */; };
		041347DA1AF8B0AF0015E38E /* Images.xcassets in Resources */ = {isa = PBXBuildFile; fileRef = 041347D91AF8B0AF0015E38E /* Images.xcassets */; };
		041347DD1AF8B0AF0015E38E /* LaunchScreen.xib in Resources */ = {isa = PBXBuildFile; fileRef = 041347DB1AF8B0AF0015E38E /* LaunchScreen.xib */; };
		041347E91AF8B0AF0015E38E /* EventsTests.m in Sources */ = {isa = PBXBuildFile; fileRef = 041347E81AF8B0AF0015E38E /* EventsTests.m */; };
		043198D31B145D9D00D597B3 /* EventTableViewCell.m in Sources */ = {isa = PBXBuildFile; fileRef = 043198D21B145D9D00D597B3 /* EventTableViewCell.m */; };
		04372B0B1B23F20D00D8623F /* CoreLocation.framework in Frameworks */ = {isa = PBXBuildFile; fileRef = 04372B0A1B23F20D00D8623F /* CoreLocation.framework */; };
		04372B0E1B24281300D8623F /* AFLLZGEventsAPIClient.m in Sources */ = {isa = PBXBuildFile; fileRef = 04372B0D1B24281300D8623F /* AFLLZGEventsAPIClient.m */; };
		045A513A1B087DA50075E811 /* setDateViewController.m in Sources */ = {isa = PBXBuildFile; fileRef = 045A51391B087DA50075E811 /* setDateViewController.m */; };
		045D119E1B033666009FCF89 /* ChooseClassificationViewController.m in Sources */ = {isa = PBXBuildFile; fileRef = 045D119D1B033666009FCF89 /* ChooseClassificationViewController.m */; };
		045DBEA71B05CAC500D3581C /* PerformanceTableViewController.m in Sources */ = {isa = PBXBuildFile; fileRef = 045DBEA61B05CAC500D3581C /* PerformanceTableViewController.m */; };
		046164E01B1AEF9000D72B6F /* DiscoverContainerViewController.m in Sources */ = {isa = PBXBuildFile; fileRef = 046164DF1B1AEF9000D72B6F /* DiscoverContainerViewController.m */; };
		046AD6E51B1D3E68008791FE /* AlertsViewController.m in Sources */ = {isa = PBXBuildFile; fileRef = 046AD6E41B1D3E68008791FE /* AlertsViewController.m */; };
		046AD6E81B1D4397008791FE /* NetworkServices.m in Sources */ = {isa = PBXBuildFile; fileRef = 046AD6E71B1D4397008791FE /* NetworkServices.m */; };
		046FB8CE1B019C5C00C339AE /* User.m in Sources */ = {isa = PBXBuildFile; fileRef = 046FB8CD1B019C5C00C339AE /* User.m */; };
		04720ECD1B16A3D4009D1B74 /* Application.m in Sources */ = {isa = PBXBuildFile; fileRef = 04720ECC1B16A3D4009D1B74 /* Application.m */; };
		04720ED01B16A975009D1B74 /* AgeTableViewCell.m in Sources */ = {isa = PBXBuildFile; fileRef = 04720ECF1B16A975009D1B74 /* AgeTableViewCell.m */; };
		04720ED71B16E26F009D1B74 /* ApplicationsTableViewController.m in Sources */ = {isa = PBXBuildFile; fileRef = 04720ED61B16E26F009D1B74 /* ApplicationsTableViewController.m */; };
		0473E8511B09CA4E00590500 /* CapacityCell.m in Sources */ = {isa = PBXBuildFile; fileRef = 0473E8501B09CA4E00590500 /* CapacityCell.m */; };
		047D91CB1AF9AF1E00631FCE /* LoginViewController.m in Sources */ = {isa = PBXBuildFile; fileRef = 047D91CA1AF9AF1E00631FCE /* LoginViewController.m */; };
		047D91CE1AF9B09500631FCE /* CreateEventViewController.m in Sources */ = {isa = PBXBuildFile; fileRef = 047D91CD1AF9B09500631FCE /* CreateEventViewController.m */; };
		047E2A741B267FAF002E3E90 /* EventTitleTableViewCell.m in Sources */ = {isa = PBXBuildFile; fileRef = 047E2A731B267FAF002E3E90 /* EventTitleTableViewCell.m */; };
		047E2A771B268326002E3E90 /* EventLogoTableViewCell.m in Sources */ = {isa = PBXBuildFile; fileRef = 047E2A761B268326002E3E90 /* EventLogoTableViewCell.m */; };
		047E2A7B1B26840F002E3E90 /* EventContentTableViewCell.m in Sources */ = {isa = PBXBuildFile; fileRef = 047E2A7A1B26840F002E3E90 /* EventContentTableViewCell.m */; };
		048282A11AFB5EA900249E24 /* EventDetailsViewController.m in Sources */ = {isa = PBXBuildFile; fileRef = 048282A01AFB5EA900249E24 /* EventDetailsViewController.m */; };
		048282A41AFB5F7100249E24 /* Event.m in Sources */ = {isa = PBXBuildFile; fileRef = 048282A31AFB5F7100249E24 /* Event.m */; };
		04ADC64E1B29374E0045B36B /* UserNameTableViewCell.m in Sources */ = {isa = PBXBuildFile; fileRef = 04ADC64D1B29374E0045B36B /* UserNameTableViewCell.m */; };
		04ADC6511B2937CC0045B36B /* GenderTableViewCell.m in Sources */ = {isa = PBXBuildFile; fileRef = 04ADC6501B2937CC0045B36B /* GenderTableViewCell.m */; };
		04ADC6651B2943830045B36B /* ImageTableViewCell.m in Sources */ = {isa = PBXBuildFile; fileRef = 04ADC6561B2943830045B36B /* ImageTableViewCell.m */; };
		04ADC6661B2943830045B36B /* JobTitleTableViewCell.m in Sources */ = {isa = PBXBuildFile; fileRef = 04ADC6581B2943830045B36B /* JobTitleTableViewCell.m */; };
		04ADC6671B2943830045B36B /* CompanyTableViewCell.m in Sources */ = {isa = PBXBuildFile; fileRef = 04ADC65A1B2943830045B36B /* CompanyTableViewCell.m */; };
		04ADC6681B2943830045B36B /* IndustryTableViewCell.m in Sources */ = {isa = PBXBuildFile; fileRef = 04ADC65C1B2943830045B36B /* IndustryTableViewCell.m */; };
		04ADC6691B2943830045B36B /* QQTableViewCell.m in Sources */ = {isa = PBXBuildFile; fileRef = 04ADC65E1B2943830045B36B /* QQTableViewCell.m */; };
		04ADC66A1B2943830045B36B /* PhoneTableViewCell.m in Sources */ = {isa = PBXBuildFile; fileRef = 04ADC6601B2943830045B36B /* PhoneTableViewCell.m */; };
		04ADC66B1B2943830045B36B /* AddressTableViewCell.m in Sources */ = {isa = PBXBuildFile; fileRef = 04ADC6621B2943830045B36B /* AddressTableViewCell.m */; };
		04ADC66C1B2943830045B36B /* IDCardTableViewCell.m in Sources */ = {isa = PBXBuildFile; fileRef = 04ADC6641B2943830045B36B /* IDCardTableViewCell.m */; };
		04ADC66F1B294C8C0045B36B /* RemarkTableViewCell.m in Sources */ = {isa = PBXBuildFile; fileRef = 04ADC66E1B294C8C0045B36B /* RemarkTableViewCell.m */; };
		04ADC6721B2953A80045B36B /* ApplyTableViewCell.m in Sources */ = {isa = PBXBuildFile; fileRef = 04ADC6711B2953A80045B36B /* ApplyTableViewCell.m */; };
		04ADC6761B2971080045B36B /* ApplicationDetailTableViewController.m in Sources */ = {isa = PBXBuildFile; fileRef = 04ADC6751B2971080045B36B /* ApplicationDetailTableViewController.m */; };
		04ADC6791B29826A0045B36B /* Tools.m in Sources */ = {isa = PBXBuildFile; fileRef = 04ADC6781B29826A0045B36B /* Tools.m */; };
		04B82F091B0AE0DC006ED7A4 /* EditLogoViewController.m in Sources */ = {isa = PBXBuildFile; fileRef = 04B82F081B0AE0DC006ED7A4 /* EditLogoViewController.m */; };
		04B82F0C1B0AE3C9006ED7A4 /* logo.png in Resources */ = {isa = PBXBuildFile; fileRef = 04B82F0B1B0AE3C9006ED7A4 /* logo.png */; };
		04B82F101B0B20E7006ED7A4 /* setApplicationsTableViewController.m in Sources */ = {isa = PBXBuildFile; fileRef = 04B82F0F1B0B20E7006ED7A4 /* setApplicationsTableViewController.m */; };
		04C99AB11B27DC9700742B71 /* SettingsTableViewController.m in Sources */ = {isa = PBXBuildFile; fileRef = 04C99AB01B27DC9700742B71 /* SettingsTableViewController.m */; };
		04C99AB41B27E46A00742B71 /* AboutTableViewController.m in Sources */ = {isa = PBXBuildFile; fileRef = 04C99AB31B27E46A00742B71 /* AboutTableViewController.m */; };
		04F73D941B22866500EB1EED /* avatar1.jpeg in Resources */ = {isa = PBXBuildFile; fileRef = 04F73D921B22866500EB1EED /* avatar1.jpeg */; };
		04F73D951B22866500EB1EED /* avatar2.png in Resources */ = {isa = PBXBuildFile; fileRef = 04F73D931B22866500EB1EED /* avatar2.png */; };
		04F73D971B22BD0300EB1EED /* Security.framework in Frameworks */ = {isa = PBXBuildFile; fileRef = 04F73D961B22BD0300EB1EED /* Security.framework */; };
		04F73D9B1B22C1FD00EB1EED /* JNKeychain.m in Sources */ = {isa = PBXBuildFile; fileRef = 04F73D9A1B22C1FD00EB1EED /* JNKeychain.m */; };
		04F73D9E1B22CBD100EB1EED /* MyEventsTableViewController.m in Sources */ = {isa = PBXBuildFile; fileRef = 04F73D9D1B22CBD100EB1EED /* MyEventsTableViewController.m */; };
		04FCC3931B1596D60053C8C3 /* ApplyTableViewController.m in Sources */ = {isa = PBXBuildFile; fileRef = 04FCC3921B1596D60053C8C3 /* ApplyTableViewController.m */; };
		04FCC3951B15A6340053C8C3 /* yangMi.png in Resources */ = {isa = PBXBuildFile; fileRef = 04FCC3941B15A6340053C8C3 /* yangMi.png */; };
		2A4B964945ACB7DE03C897A7 /* libPods.a in Frameworks */ = {isa = PBXBuildFile; fileRef = 80E9C8B1FA7B099C3BB55EA6 /* libPods.a */; };
/* End PBXBuildFile section */

/* Begin PBXContainerItemProxy section */
		041347E31AF8B0AF0015E38E /* PBXContainerItemProxy */ = {
			isa = PBXContainerItemProxy;
			containerPortal = 041347BE1AF8B0AF0015E38E /* Project object */;
			proxyType = 1;
			remoteGlobalIDString = 041347C51AF8B0AF0015E38E;
			remoteInfo = Events;
		};
/* End PBXContainerItemProxy section */

/* Begin PBXFileReference section */
		041347C61AF8B0AF0015E38E /* Events.app */ = {isa = PBXFileReference; explicitFileType = wrapper.application; includeInIndex = 0; path = Events.app; sourceTree = BUILT_PRODUCTS_DIR; };
		041347CA1AF8B0AF0015E38E /* Info.plist */ = {isa = PBXFileReference; lastKnownFileType = text.plist.xml; path = Info.plist; sourceTree = "<group>"; };
		041347CB1AF8B0AF0015E38E /* main.m */ = {isa = PBXFileReference; lastKnownFileType = sourcecode.c.objc; path = main.m; sourceTree = "<group>"; };
		041347CD1AF8B0AF0015E38E /* AppDelegate.h */ = {isa = PBXFileReference; lastKnownFileType = sourcecode.c.h; path = AppDelegate.h; sourceTree = "<group>"; };
		041347CE1AF8B0AF0015E38E /* AppDelegate.m */ = {isa = PBXFileReference; lastKnownFileType = sourcecode.c.objc; path = AppDelegate.m; sourceTree = "<group>"; };
		041347D01AF8B0AF0015E38E /* DiscoverViewController.h */ = {isa = PBXFileReference; lastKnownFileType = sourcecode.c.h; path = DiscoverViewController.h; sourceTree = "<group>"; };
		041347D11AF8B0AF0015E38E /* DiscoverViewController.m */ = {isa = PBXFileReference; lastKnownFileType = sourcecode.c.objc; path = DiscoverViewController.m; sourceTree = "<group>"; };
		041347D31AF8B0AF0015E38E /* MySpaceViewController.h */ = {isa = PBXFileReference; lastKnownFileType = sourcecode.c.h; path = MySpaceViewController.h; sourceTree = "<group>"; };
		041347D41AF8B0AF0015E38E /* MySpaceViewController.m */ = {isa = PBXFileReference; lastKnownFileType = sourcecode.c.objc; path = MySpaceViewController.m; sourceTree = "<group>"; };
		041347D71AF8B0AF0015E38E /* Base */ = {isa = PBXFileReference; lastKnownFileType = file.storyboard; name = Base; path = Base.lproj/Main.storyboard; sourceTree = "<group>"; };
		041347D91AF8B0AF0015E38E /* Images.xcassets */ = {isa = PBXFileReference; lastKnownFileType = folder.assetcatalog; path = Images.xcassets; sourceTree = "<group>"; };
		041347DC1AF8B0AF0015E38E /* Base */ = {isa = PBXFileReference; lastKnownFileType = file.xib; name = Base; path = Base.lproj/LaunchScreen.xib; sourceTree = "<group>"; };
		041347E21AF8B0AF0015E38E /* EventsTests.xctest */ = {isa = PBXFileReference; explicitFileType = wrapper.cfbundle; includeInIndex = 0; path = EventsTests.xctest; sourceTree = BUILT_PRODUCTS_DIR; };
		041347E71AF8B0AF0015E38E /* Info.plist */ = {isa = PBXFileReference; lastKnownFileType = text.plist.xml; path = Info.plist; sourceTree = "<group>"; };
		041347E81AF8B0AF0015E38E /* EventsTests.m */ = {isa = PBXFileReference; lastKnownFileType = sourcecode.c.objc; path = EventsTests.m; sourceTree = "<group>"; };
		043198D11B145D9D00D597B3 /* EventTableViewCell.h */ = {isa = PBXFileReference; fileEncoding = 4; lastKnownFileType = sourcecode.c.h; path = EventTableViewCell.h; sourceTree = "<group>"; };
		043198D21B145D9D00D597B3 /* EventTableViewCell.m */ = {isa = PBXFileReference; fileEncoding = 4; lastKnownFileType = sourcecode.c.objc; path = EventTableViewCell.m; sourceTree = "<group>"; };
		043198D51B1469F700D597B3 /* BaiduMapAPI.framework */ = {isa = PBXFileReference; lastKnownFileType = wrapper.framework; name = BaiduMapAPI.framework; path = "../../../../Downloads/BaiduMap_IOSSDK_v2/BaiduMap_IOSSDK_v2.7.0_Lib/Release-iphonesimulator/BaiduMapAPI.framework"; sourceTree = "<group>"; };
		04372B0A1B23F20D00D8623F /* CoreLocation.framework */ = {isa = PBXFileReference; lastKnownFileType = wrapper.framework; name = CoreLocation.framework; path = System/Library/Frameworks/CoreLocation.framework; sourceTree = SDKROOT; };
		04372B0C1B24281300D8623F /* AFLLZGEventsAPIClient.h */ = {isa = PBXFileReference; fileEncoding = 4; lastKnownFileType = sourcecode.c.h; path = AFLLZGEventsAPIClient.h; sourceTree = "<group>"; };
		04372B0D1B24281300D8623F /* AFLLZGEventsAPIClient.m */ = {isa = PBXFileReference; fileEncoding = 4; lastKnownFileType = sourcecode.c.objc; path = AFLLZGEventsAPIClient.m; sourceTree = "<group>"; };
		045A51381B087DA50075E811 /* setDateViewController.h */ = {isa = PBXFileReference; fileEncoding = 4; lastKnownFileType = sourcecode.c.h; path = setDateViewController.h; sourceTree = "<group>"; };
		045A51391B087DA50075E811 /* setDateViewController.m */ = {isa = PBXFileReference; fileEncoding = 4; lastKnownFileType = sourcecode.c.objc; path = setDateViewController.m; sourceTree = "<group>"; };
		045D119C1B033666009FCF89 /* ChooseClassificationViewController.h */ = {isa = PBXFileReference; fileEncoding = 4; lastKnownFileType = sourcecode.c.h; path = ChooseClassificationViewController.h; sourceTree = "<group>"; };
		045D119D1B033666009FCF89 /* ChooseClassificationViewController.m */ = {isa = PBXFileReference; fileEncoding = 4; lastKnownFileType = sourcecode.c.objc; path = ChooseClassificationViewController.m; sourceTree = "<group>"; };
		045DBEA51B05CAC500D3581C /* PerformanceTableViewController.h */ = {isa = PBXFileReference; fileEncoding = 4; lastKnownFileType = sourcecode.c.h; path = PerformanceTableViewController.h; sourceTree = "<group>"; };
		045DBEA61B05CAC500D3581C /* PerformanceTableViewController.m */ = {isa = PBXFileReference; fileEncoding = 4; lastKnownFileType = sourcecode.c.objc; path = PerformanceTableViewController.m; sourceTree = "<group>"; };
		046164DE1B1AEF9000D72B6F /* DiscoverContainerViewController.h */ = {isa = PBXFileReference; fileEncoding = 4; lastKnownFileType = sourcecode.c.h; path = DiscoverContainerViewController.h; sourceTree = "<group>"; };
		046164DF1B1AEF9000D72B6F /* DiscoverContainerViewController.m */ = {isa = PBXFileReference; fileEncoding = 4; lastKnownFileType = sourcecode.c.objc; path = DiscoverContainerViewController.m; sourceTree = "<group>"; };
		046AD6E31B1D3E68008791FE /* AlertsViewController.h */ = {isa = PBXFileReference; fileEncoding = 4; lastKnownFileType = sourcecode.c.h; path = AlertsViewController.h; sourceTree = "<group>"; };
		046AD6E41B1D3E68008791FE /* AlertsViewController.m */ = {isa = PBXFileReference; fileEncoding = 4; lastKnownFileType = sourcecode.c.objc; path = AlertsViewController.m; sourceTree = "<group>"; };
		046AD6E61B1D4397008791FE /* NetworkServices.h */ = {isa = PBXFileReference; fileEncoding = 4; lastKnownFileType = sourcecode.c.h; path = NetworkServices.h; sourceTree = "<group>"; };
		046AD6E71B1D4397008791FE /* NetworkServices.m */ = {isa = PBXFileReference; fileEncoding = 4; lastKnownFileType = sourcecode.c.objc; path = NetworkServices.m; sourceTree = "<group>"; };
		046FB8CC1B019C5C00C339AE /* User.h */ = {isa = PBXFileReference; fileEncoding = 4; lastKnownFileType = sourcecode.c.h; path = User.h; sourceTree = "<group>"; };
		046FB8CD1B019C5C00C339AE /* User.m */ = {isa = PBXFileReference; fileEncoding = 4; lastKnownFileType = sourcecode.c.objc; path = User.m; sourceTree = "<group>"; };
		04720ECB1B16A3D4009D1B74 /* Application.h */ = {isa = PBXFileReference; fileEncoding = 4; lastKnownFileType = sourcecode.c.h; path = Application.h; sourceTree = "<group>"; };
		04720ECC1B16A3D4009D1B74 /* Application.m */ = {isa = PBXFileReference; fileEncoding = 4; lastKnownFileType = sourcecode.c.objc; path = Application.m; sourceTree = "<group>"; };
		04720ECE1B16A975009D1B74 /* AgeTableViewCell.h */ = {isa = PBXFileReference; fileEncoding = 4; lastKnownFileType = sourcecode.c.h; path = AgeTableViewCell.h; sourceTree = "<group>"; };
		04720ECF1B16A975009D1B74 /* AgeTableViewCell.m */ = {isa = PBXFileReference; fileEncoding = 4; lastKnownFileType = sourcecode.c.objc; path = AgeTableViewCell.m; sourceTree = "<group>"; };
		04720ED51B16E26F009D1B74 /* ApplicationsTableViewController.h */ = {isa = PBXFileReference; fileEncoding = 4; lastKnownFileType = sourcecode.c.h; path = ApplicationsTableViewController.h; sourceTree = "<group>"; };
		04720ED61B16E26F009D1B74 /* ApplicationsTableViewController.m */ = {isa = PBXFileReference; fileEncoding = 4; lastKnownFileType = sourcecode.c.objc; path = ApplicationsTableViewController.m; sourceTree = "<group>"; };
		0473E84F1B09CA4E00590500 /* CapacityCell.h */ = {isa = PBXFileReference; fileEncoding = 4; lastKnownFileType = sourcecode.c.h; path = CapacityCell.h; sourceTree = "<group>"; };
		0473E8501B09CA4E00590500 /* CapacityCell.m */ = {isa = PBXFileReference; fileEncoding = 4; lastKnownFileType = sourcecode.c.objc; path = CapacityCell.m; sourceTree = "<group>"; };
		047D91C91AF9AF1E00631FCE /* LoginViewController.h */ = {isa = PBXFileReference; fileEncoding = 4; lastKnownFileType = sourcecode.c.h; path = LoginViewController.h; sourceTree = "<group>"; };
		047D91CA1AF9AF1E00631FCE /* LoginViewController.m */ = {isa = PBXFileReference; fileEncoding = 4; lastKnownFileType = sourcecode.c.objc; path = LoginViewController.m; sourceTree = "<group>"; };
		047D91CC1AF9B09500631FCE /* CreateEventViewController.h */ = {isa = PBXFileReference; fileEncoding = 4; lastKnownFileType = sourcecode.c.h; path = CreateEventViewController.h; sourceTree = "<group>"; };
		047D91CD1AF9B09500631FCE /* CreateEventViewController.m */ = {isa = PBXFileReference; fileEncoding = 4; lastKnownFileType = sourcecode.c.objc; path = CreateEventViewController.m; sourceTree = "<group>"; };
		047E2A721B267FAF002E3E90 /* EventTitleTableViewCell.h */ = {isa = PBXFileReference; fileEncoding = 4; lastKnownFileType = sourcecode.c.h; path = EventTitleTableViewCell.h; sourceTree = "<group>"; };
		047E2A731B267FAF002E3E90 /* EventTitleTableViewCell.m */ = {isa = PBXFileReference; fileEncoding = 4; lastKnownFileType = sourcecode.c.objc; path = EventTitleTableViewCell.m; sourceTree = "<group>"; };
		047E2A751B268326002E3E90 /* EventLogoTableViewCell.h */ = {isa = PBXFileReference; fileEncoding = 4; lastKnownFileType = sourcecode.c.h; path = EventLogoTableViewCell.h; sourceTree = "<group>"; };
		047E2A761B268326002E3E90 /* EventLogoTableViewCell.m */ = {isa = PBXFileReference; fileEncoding = 4; lastKnownFileType = sourcecode.c.objc; path = EventLogoTableViewCell.m; sourceTree = "<group>"; };
		047E2A791B26840F002E3E90 /* EventContentTableViewCell.h */ = {isa = PBXFileReference; fileEncoding = 4; lastKnownFileType = sourcecode.c.h; path = EventContentTableViewCell.h; sourceTree = "<group>"; };
		047E2A7A1B26840F002E3E90 /* EventContentTableViewCell.m */ = {isa = PBXFileReference; fileEncoding = 4; lastKnownFileType = sourcecode.c.objc; path = EventContentTableViewCell.m; sourceTree = "<group>"; };
		0482829F1AFB5EA900249E24 /* EventDetailsViewController.h */ = {isa = PBXFileReference; fileEncoding = 4; lastKnownFileType = sourcecode.c.h; path = EventDetailsViewController.h; sourceTree = "<group>"; };
		048282A01AFB5EA900249E24 /* EventDetailsViewController.m */ = {isa = PBXFileReference; fileEncoding = 4; lastKnownFileType = sourcecode.c.objc; path = EventDetailsViewController.m; sourceTree = "<group>"; };
		048282A21AFB5F7100249E24 /* Event.h */ = {isa = PBXFileReference; fileEncoding = 4; lastKnownFileType = sourcecode.c.h; path = Event.h; sourceTree = "<group>"; };
		048282A31AFB5F7100249E24 /* Event.m */ = {isa = PBXFileReference; fileEncoding = 4; lastKnownFileType = sourcecode.c.objc; path = Event.m; sourceTree = "<group>"; };
		04ADC64C1B29374E0045B36B /* UserNameTableViewCell.h */ = {isa = PBXFileReference; fileEncoding = 4; lastKnownFileType = sourcecode.c.h; path = UserNameTableViewCell.h; sourceTree = "<group>"; };
		04ADC64D1B29374E0045B36B /* UserNameTableViewCell.m */ = {isa = PBXFileReference; fileEncoding = 4; lastKnownFileType = sourcecode.c.objc; path = UserNameTableViewCell.m; sourceTree = "<group>"; };
		04ADC64F1B2937CC0045B36B /* GenderTableViewCell.h */ = {isa = PBXFileReference; fileEncoding = 4; lastKnownFileType = sourcecode.c.h; path = GenderTableViewCell.h; sourceTree = "<group>"; };
		04ADC6501B2937CC0045B36B /* GenderTableViewCell.m */ = {isa = PBXFileReference; fileEncoding = 4; lastKnownFileType = sourcecode.c.objc; path = GenderTableViewCell.m; sourceTree = "<group>"; };
		04ADC6551B2943830045B36B /* ImageTableViewCell.h */ = {isa = PBXFileReference; fileEncoding = 4; lastKnownFileType = sourcecode.c.h; path = ImageTableViewCell.h; sourceTree = "<group>"; };
		04ADC6561B2943830045B36B /* ImageTableViewCell.m */ = {isa = PBXFileReference; fileEncoding = 4; lastKnownFileType = sourcecode.c.objc; path = ImageTableViewCell.m; sourceTree = "<group>"; };
		04ADC6571B2943830045B36B /* JobTitleTableViewCell.h */ = {isa = PBXFileReference; fileEncoding = 4; lastKnownFileType = sourcecode.c.h; path = JobTitleTableViewCell.h; sourceTree = "<group>"; };
		04ADC6581B2943830045B36B /* JobTitleTableViewCell.m */ = {isa = PBXFileReference; fileEncoding = 4; lastKnownFileType = sourcecode.c.objc; path = JobTitleTableViewCell.m; sourceTree = "<group>"; };
		04ADC6591B2943830045B36B /* CompanyTableViewCell.h */ = {isa = PBXFileReference; fileEncoding = 4; lastKnownFileType = sourcecode.c.h; path = CompanyTableViewCell.h; sourceTree = "<group>"; };
		04ADC65A1B2943830045B36B /* CompanyTableViewCell.m */ = {isa = PBXFileReference; fileEncoding = 4; lastKnownFileType = sourcecode.c.objc; path = CompanyTableViewCell.m; sourceTree = "<group>"; };
		04ADC65B1B2943830045B36B /* IndustryTableViewCell.h */ = {isa = PBXFileReference; fileEncoding = 4; lastKnownFileType = sourcecode.c.h; path = IndustryTableViewCell.h; sourceTree = "<group>"; };
		04ADC65C1B2943830045B36B /* IndustryTableViewCell.m */ = {isa = PBXFileReference; fileEncoding = 4; lastKnownFileType = sourcecode.c.objc; path = IndustryTableViewCell.m; sourceTree = "<group>"; };
		04ADC65D1B2943830045B36B /* QQTableViewCell.h */ = {isa = PBXFileReference; fileEncoding = 4; lastKnownFileType = sourcecode.c.h; path = QQTableViewCell.h; sourceTree = "<group>"; };
		04ADC65E1B2943830045B36B /* QQTableViewCell.m */ = {isa = PBXFileReference; fileEncoding = 4; lastKnownFileType = sourcecode.c.objc; path = QQTableViewCell.m; sourceTree = "<group>"; };
		04ADC65F1B2943830045B36B /* PhoneTableViewCell.h */ = {isa = PBXFileReference; fileEncoding = 4; lastKnownFileType = sourcecode.c.h; path = PhoneTableViewCell.h; sourceTree = "<group>"; };
		04ADC6601B2943830045B36B /* PhoneTableViewCell.m */ = {isa = PBXFileReference; fileEncoding = 4; lastKnownFileType = sourcecode.c.objc; path = PhoneTableViewCell.m; sourceTree = "<group>"; };
		04ADC6611B2943830045B36B /* AddressTableViewCell.h */ = {isa = PBXFileReference; fileEncoding = 4; lastKnownFileType = sourcecode.c.h; path = AddressTableViewCell.h; sourceTree = "<group>"; };
		04ADC6621B2943830045B36B /* AddressTableViewCell.m */ = {isa = PBXFileReference; fileEncoding = 4; lastKnownFileType = sourcecode.c.objc; path = AddressTableViewCell.m; sourceTree = "<group>"; };
		04ADC6631B2943830045B36B /* IDCardTableViewCell.h */ = {isa = PBXFileReference; fileEncoding = 4; lastKnownFileType = sourcecode.c.h; path = IDCardTableViewCell.h; sourceTree = "<group>"; };
		04ADC6641B2943830045B36B /* IDCardTableViewCell.m */ = {isa = PBXFileReference; fileEncoding = 4; lastKnownFileType = sourcecode.c.objc; path = IDCardTableViewCell.m; sourceTree = "<group>"; };
		04ADC66D1B294C8C0045B36B /* RemarkTableViewCell.h */ = {isa = PBXFileReference; fileEncoding = 4; lastKnownFileType = sourcecode.c.h; path = RemarkTableViewCell.h; sourceTree = "<group>"; };
		04ADC66E1B294C8C0045B36B /* RemarkTableViewCell.m */ = {isa = PBXFileReference; fileEncoding = 4; lastKnownFileType = sourcecode.c.objc; path = RemarkTableViewCell.m; sourceTree = "<group>"; };
		04ADC6701B2953A80045B36B /* ApplyTableViewCell.h */ = {isa = PBXFileReference; fileEncoding = 4; lastKnownFileType = sourcecode.c.h; path = ApplyTableViewCell.h; sourceTree = "<group>"; };
		04ADC6711B2953A80045B36B /* ApplyTableViewCell.m */ = {isa = PBXFileReference; fileEncoding = 4; lastKnownFileType = sourcecode.c.objc; path = ApplyTableViewCell.m; sourceTree = "<group>"; };
		04ADC6731B2956BC0045B36B /* ApplyCellsDelegate.h */ = {isa = PBXFileReference; lastKnownFileType = sourcecode.c.h; path = ApplyCellsDelegate.h; sourceTree = "<group>"; };
		04ADC6741B2971080045B36B /* ApplicationDetailTableViewController.h */ = {isa = PBXFileReference; fileEncoding = 4; lastKnownFileType = sourcecode.c.h; path = ApplicationDetailTableViewController.h; sourceTree = "<group>"; };
		04ADC6751B2971080045B36B /* ApplicationDetailTableViewController.m */ = {isa = PBXFileReference; fileEncoding = 4; lastKnownFileType = sourcecode.c.objc; path = ApplicationDetailTableViewController.m; sourceTree = "<group>"; };
		04ADC6771B29826A0045B36B /* Tools.h */ = {isa = PBXFileReference; fileEncoding = 4; lastKnownFileType = sourcecode.c.h; path = Tools.h; sourceTree = "<group>"; };
		04ADC6781B29826A0045B36B /* Tools.m */ = {isa = PBXFileReference; fileEncoding = 4; lastKnownFileType = sourcecode.c.objc; path = Tools.m; sourceTree = "<group>"; };
		04B82F071B0AE0DC006ED7A4 /* EditLogoViewController.h */ = {isa = PBXFileReference; fileEncoding = 4; lastKnownFileType = sourcecode.c.h; path = EditLogoViewController.h; sourceTree = "<group>"; };
		04B82F081B0AE0DC006ED7A4 /* EditLogoViewController.m */ = {isa = PBXFileReference; fileEncoding = 4; lastKnownFileType = sourcecode.c.objc; path = EditLogoViewController.m; sourceTree = "<group>"; };
		04B82F0B1B0AE3C9006ED7A4 /* logo.png */ = {isa = PBXFileReference; lastKnownFileType = image.png; path = logo.png; sourceTree = "<group>"; };
		04B82F0D1B0B05A9006ED7A4 /* Settings.h */ = {isa = PBXFileReference; lastKnownFileType = sourcecode.c.h; path = Settings.h; sourceTree = "<group>"; };
		04B82F0E1B0B20E7006ED7A4 /* setApplicationsTableViewController.h */ = {isa = PBXFileReference; fileEncoding = 4; lastKnownFileType = sourcecode.c.h; path = setApplicationsTableViewController.h; sourceTree = "<group>"; };
		04B82F0F1B0B20E7006ED7A4 /* setApplicationsTableViewController.m */ = {isa = PBXFileReference; fileEncoding = 4; lastKnownFileType = sourcecode.c.objc; path = setApplicationsTableViewController.m; sourceTree = "<group>"; };
		04C99AAF1B27DC9700742B71 /* SettingsTableViewController.h */ = {isa = PBXFileReference; fileEncoding = 4; lastKnownFileType = sourcecode.c.h; path = SettingsTableViewController.h; sourceTree = "<group>"; };
		04C99AB01B27DC9700742B71 /* SettingsTableViewController.m */ = {isa = PBXFileReference; fileEncoding = 4; lastKnownFileType = sourcecode.c.objc; path = SettingsTableViewController.m; sourceTree = "<group>"; };
		04C99AB21B27E46A00742B71 /* AboutTableViewController.h */ = {isa = PBXFileReference; fileEncoding = 4; lastKnownFileType = sourcecode.c.h; path = AboutTableViewController.h; sourceTree = "<group>"; };
		04C99AB31B27E46A00742B71 /* AboutTableViewController.m */ = {isa = PBXFileReference; fileEncoding = 4; lastKnownFileType = sourcecode.c.objc; path = AboutTableViewController.m; sourceTree = "<group>"; };
		04F73D921B22866500EB1EED /* avatar1.jpeg */ = {isa = PBXFileReference; lastKnownFileType = image.jpeg; path = avatar1.jpeg; sourceTree = "<group>"; };
		04F73D931B22866500EB1EED /* avatar2.png */ = {isa = PBXFileReference; lastKnownFileType = image.png; path = avatar2.png; sourceTree = "<group>"; };
		04F73D961B22BD0300EB1EED /* Security.framework */ = {isa = PBXFileReference; lastKnownFileType = wrapper.framework; name = Security.framework; path = System/Library/Frameworks/Security.framework; sourceTree = SDKROOT; };
		04F73D991B22C1FD00EB1EED /* JNKeychain.h */ = {isa = PBXFileReference; fileEncoding = 4; lastKnownFileType = sourcecode.c.h; path = JNKeychain.h; sourceTree = "<group>"; };
		04F73D9A1B22C1FD00EB1EED /* JNKeychain.m */ = {isa = PBXFileReference; fileEncoding = 4; lastKnownFileType = sourcecode.c.objc; path = JNKeychain.m; sourceTree = "<group>"; };
		04F73D9C1B22CBD100EB1EED /* MyEventsTableViewController.h */ = {isa = PBXFileReference; fileEncoding = 4; lastKnownFileType = sourcecode.c.h; path = MyEventsTableViewController.h; sourceTree = "<group>"; };
		04F73D9D1B22CBD100EB1EED /* MyEventsTableViewController.m */ = {isa = PBXFileReference; fileEncoding = 4; lastKnownFileType = sourcecode.c.objc; path = MyEventsTableViewController.m; sourceTree = "<group>"; };
		04FCC3911B1596D60053C8C3 /* ApplyTableViewController.h */ = {isa = PBXFileReference; fileEncoding = 4; lastKnownFileType = sourcecode.c.h; path = ApplyTableViewController.h; sourceTree = "<group>"; };
		04FCC3921B1596D60053C8C3 /* ApplyTableViewController.m */ = {isa = PBXFileReference; fileEncoding = 4; lastKnownFileType = sourcecode.c.objc; path = ApplyTableViewController.m; sourceTree = "<group>"; };
		04FCC3941B15A6340053C8C3 /* yangMi.png */ = {isa = PBXFileReference; lastKnownFileType = image.png; path = yangMi.png; sourceTree = "<group>"; };
		5973BB11CBBDA6F578F5240D /* Pods.debug.xcconfig */ = {isa = PBXFileReference; includeInIndex = 1; lastKnownFileType = text.xcconfig; name = Pods.debug.xcconfig; path = "Pods/Target Support Files/Pods/Pods.debug.xcconfig"; sourceTree = "<group>"; };
		74C0BB8A5A1E6687A7D186F3 /* Pods.release.xcconfig */ = {isa = PBXFileReference; includeInIndex = 1; lastKnownFileType = text.xcconfig; name = Pods.release.xcconfig; path = "Pods/Target Support Files/Pods/Pods.release.xcconfig"; sourceTree = "<group>"; };
		80E9C8B1FA7B099C3BB55EA6 /* libPods.a */ = {isa = PBXFileReference; explicitFileType = archive.ar; includeInIndex = 0; path = libPods.a; sourceTree = BUILT_PRODUCTS_DIR; };
/* End PBXFileReference section */

/* Begin PBXFrameworksBuildPhase section */
		041347C31AF8B0AF0015E38E /* Frameworks */ = {
			isa = PBXFrameworksBuildPhase;
			buildActionMask = 2147483647;
			files = (
				04372B0B1B23F20D00D8623F /* CoreLocation.framework in Frameworks */,
				04F73D971B22BD0300EB1EED /* Security.framework in Frameworks */,
				2A4B964945ACB7DE03C897A7 /* libPods.a in Frameworks */,
			);
			runOnlyForDeploymentPostprocessing = 0;
		};
		041347DF1AF8B0AF0015E38E /* Frameworks */ = {
			isa = PBXFrameworksBuildPhase;
			buildActionMask = 2147483647;
			files = (
			);
			runOnlyForDeploymentPostprocessing = 0;
		};
/* End PBXFrameworksBuildPhase section */

/* Begin PBXGroup section */
		041347BD1AF8B0AF0015E38E = {
			isa = PBXGroup;
			children = (
				04F73D961B22BD0300EB1EED /* Security.framework */,
				043198D51B1469F700D597B3 /* BaiduMapAPI.framework */,
				041347C81AF8B0AF0015E38E /* Events */,
				041347E51AF8B0AF0015E38E /* EventsTests */,
				041347C71AF8B0AF0015E38E /* Products */,
				D71475A4A2827F00BFC3D7FB /* Pods */,
				C79F3C5A85F8932FDF56F3E3 /* Frameworks */,
			);
			sourceTree = "<group>";
		};
		041347C71AF8B0AF0015E38E /* Products */ = {
			isa = PBXGroup;
			children = (
				041347C61AF8B0AF0015E38E /* Events.app */,
				041347E21AF8B0AF0015E38E /* EventsTests.xctest */,
			);
			name = Products;
			sourceTree = "<group>";
		};
		041347C81AF8B0AF0015E38E /* Events */ = {
			isa = PBXGroup;
			children = (
				04B82F0A1B0AE3B3006ED7A4 /* images */,
				048282A61AFB5FD300249E24 /* Models */,
				048282A51AFB5F8B00249E24 /* ViewControllers */,
				041347CD1AF8B0AF0015E38E /* AppDelegate.h */,
				041347CE1AF8B0AF0015E38E /* AppDelegate.m */,
				041347D61AF8B0AF0015E38E /* Main.storyboard */,
				04F73D981B22C1DF00EB1EED /* Services */,
				04B82F0D1B0B05A9006ED7A4 /* Settings.h */,
				041347D91AF8B0AF0015E38E /* Images.xcassets */,
				041347DB1AF8B0AF0015E38E /* LaunchScreen.xib */,
				041347C91AF8B0AF0015E38E /* Supporting Files */,
			);
			path = Events;
			sourceTree = "<group>";
		};
		041347C91AF8B0AF0015E38E /* Supporting Files */ = {
			isa = PBXGroup;
			children = (
				041347CA1AF8B0AF0015E38E /* Info.plist */,
				041347CB1AF8B0AF0015E38E /* main.m */,
			);
			name = "Supporting Files";
			sourceTree = "<group>";
		};
		041347E51AF8B0AF0015E38E /* EventsTests */ = {
			isa = PBXGroup;
			children = (
				041347E81AF8B0AF0015E38E /* EventsTests.m */,
				041347E61AF8B0AF0015E38E /* Supporting Files */,
			);
			path = EventsTests;
			sourceTree = "<group>";
		};
		041347E61AF8B0AF0015E38E /* Supporting Files */ = {
			isa = PBXGroup;
			children = (
				041347E71AF8B0AF0015E38E /* Info.plist */,
			);
			name = "Supporting Files";
			sourceTree = "<group>";
		};
		045DBEA41B05CA4D00D3581C /* CreateEvent */ = {
			isa = PBXGroup;
			children = (
				04B82F0E1B0B20E7006ED7A4 /* setApplicationsTableViewController.h */,
				04B82F0F1B0B20E7006ED7A4 /* setApplicationsTableViewController.m */,
				04B82F071B0AE0DC006ED7A4 /* EditLogoViewController.h */,
				04B82F081B0AE0DC006ED7A4 /* EditLogoViewController.m */,
				0473E84F1B09CA4E00590500 /* CapacityCell.h */,
				0473E8501B09CA4E00590500 /* CapacityCell.m */,
				045A51381B087DA50075E811 /* setDateViewController.h */,
				045A51391B087DA50075E811 /* setDateViewController.m */,
				045D119C1B033666009FCF89 /* ChooseClassificationViewController.h */,
				045D119D1B033666009FCF89 /* ChooseClassificationViewController.m */,
				047D91CC1AF9B09500631FCE /* CreateEventViewController.h */,
				047D91CD1AF9B09500631FCE /* CreateEventViewController.m */,
				045DBEA51B05CAC500D3581C /* PerformanceTableViewController.h */,
				045DBEA61B05CAC500D3581C /* PerformanceTableViewController.m */,
			);
			name = CreateEvent;
			sourceTree = "<group>";
		};
		04720ED11B16A989009D1B74 /* Apply */ = {
			isa = PBXGroup;
			children = (
				04ADC64B1B29373A0045B36B /* ApplyCells */,
				04FCC3911B1596D60053C8C3 /* ApplyTableViewController.h */,
				04FCC3921B1596D60053C8C3 /* ApplyTableViewController.m */,
				04ADC6741B2971080045B36B /* ApplicationDetailTableViewController.h */,
				04ADC6751B2971080045B36B /* ApplicationDetailTableViewController.m */,
			);
			name = Apply;
			sourceTree = "<group>";
		};
		047E2A781B2683EB002E3E90 /* Cells */ = {
			isa = PBXGroup;
			children = (
				043198D11B145D9D00D597B3 /* EventTableViewCell.h */,
				043198D21B145D9D00D597B3 /* EventTableViewCell.m */,
				047E2A751B268326002E3E90 /* EventLogoTableViewCell.h */,
				047E2A761B268326002E3E90 /* EventLogoTableViewCell.m */,
				047E2A721B267FAF002E3E90 /* EventTitleTableViewCell.h */,
				047E2A731B267FAF002E3E90 /* EventTitleTableViewCell.m */,
				047E2A791B26840F002E3E90 /* EventContentTableViewCell.h */,
				047E2A7A1B26840F002E3E90 /* EventContentTableViewCell.m */,
			);
			name = Cells;
			sourceTree = "<group>";
		};
		048282A51AFB5F8B00249E24 /* ViewControllers */ = {
			isa = PBXGroup;
			children = (
				04C99AAF1B27DC9700742B71 /* SettingsTableViewController.h */,
				04C99AB01B27DC9700742B71 /* SettingsTableViewController.m */,
				04C99AB21B27E46A00742B71 /* AboutTableViewController.h */,
				04C99AB31B27E46A00742B71 /* AboutTableViewController.m */,
				047E2A781B2683EB002E3E90 /* Cells */,
				04720ED11B16A989009D1B74 /* Apply */,
				045DBEA41B05CA4D00D3581C /* CreateEvent */,
				04F73D9C1B22CBD100EB1EED /* MyEventsTableViewController.h */,
				04F73D9D1B22CBD100EB1EED /* MyEventsTableViewController.m */,
				04720ED51B16E26F009D1B74 /* ApplicationsTableViewController.h */,
				04720ED61B16E26F009D1B74 /* ApplicationsTableViewController.m */,
				046164DE1B1AEF9000D72B6F /* DiscoverContainerViewController.h */,
				046164DF1B1AEF9000D72B6F /* DiscoverContainerViewController.m */,
				041347D01AF8B0AF0015E38E /* DiscoverViewController.h */,
				041347D11AF8B0AF0015E38E /* DiscoverViewController.m */,
				041347D31AF8B0AF0015E38E /* MySpaceViewController.h */,
				041347D41AF8B0AF0015E38E /* MySpaceViewController.m */,
				0482829F1AFB5EA900249E24 /* EventDetailsViewController.h */,
				048282A01AFB5EA900249E24 /* EventDetailsViewController.m */,
				047D91C91AF9AF1E00631FCE /* LoginViewController.h */,
				047D91CA1AF9AF1E00631FCE /* LoginViewController.m */,
			);
			name = ViewControllers;
			sourceTree = "<group>";
		};
		048282A61AFB5FD300249E24 /* Models */ = {
			isa = PBXGroup;
			children = (
				04720ECB1B16A3D4009D1B74 /* Application.h */,
				04720ECC1B16A3D4009D1B74 /* Application.m */,
				048282A21AFB5F7100249E24 /* Event.h */,
				048282A31AFB5F7100249E24 /* Event.m */,
				046FB8CC1B019C5C00C339AE /* User.h */,
				046FB8CD1B019C5C00C339AE /* User.m */,
			);
			name = Models;
			sourceTree = "<group>";
		};
		04ADC64B1B29373A0045B36B /* ApplyCells */ = {
			isa = PBXGroup;
			children = (
				04ADC6731B2956BC0045B36B /* ApplyCellsDelegate.h */,
				04ADC6701B2953A80045B36B /* ApplyTableViewCell.h */,
				04ADC6711B2953A80045B36B /* ApplyTableViewCell.m */,
				04ADC66D1B294C8C0045B36B /* RemarkTableViewCell.h */,
				04ADC66E1B294C8C0045B36B /* RemarkTableViewCell.m */,
				04720ECE1B16A975009D1B74 /* AgeTableViewCell.h */,
				04720ECF1B16A975009D1B74 /* AgeTableViewCell.m */,
				04ADC6551B2943830045B36B /* ImageTableViewCell.h */,
				04ADC6561B2943830045B36B /* ImageTableViewCell.m */,
				04ADC6571B2943830045B36B /* JobTitleTableViewCell.h */,
				04ADC6581B2943830045B36B /* JobTitleTableViewCell.m */,
				04ADC6591B2943830045B36B /* CompanyTableViewCell.h */,
				04ADC65A1B2943830045B36B /* CompanyTableViewCell.m */,
				04ADC65B1B2943830045B36B /* IndustryTableViewCell.h */,
				04ADC65C1B2943830045B36B /* IndustryTableViewCell.m */,
				04ADC65D1B2943830045B36B /* QQTableViewCell.h */,
				04ADC65E1B2943830045B36B /* QQTableViewCell.m */,
				04ADC65F1B2943830045B36B /* PhoneTableViewCell.h */,
				04ADC6601B2943830045B36B /* PhoneTableViewCell.m */,
				04ADC6611B2943830045B36B /* AddressTableViewCell.h */,
				04ADC6621B2943830045B36B /* AddressTableViewCell.m */,
				04ADC6631B2943830045B36B /* IDCardTableViewCell.h */,
				04ADC6641B2943830045B36B /* IDCardTableViewCell.m */,
				04ADC64C1B29374E0045B36B /* UserNameTableViewCell.h */,
				04ADC64D1B29374E0045B36B /* UserNameTableViewCell.m */,
				04ADC64F1B2937CC0045B36B /* GenderTableViewCell.h */,
				04ADC6501B2937CC0045B36B /* GenderTableViewCell.m */,
			);
			name = ApplyCells;
			sourceTree = "<group>";
		};
		04B82F0A1B0AE3B3006ED7A4 /* images */ = {
			isa = PBXGroup;
			children = (
				04B82F0B1B0AE3C9006ED7A4 /* logo.png */,
				04FCC3941B15A6340053C8C3 /* yangMi.png */,
				04F73D921B22866500EB1EED /* avatar1.jpeg */,
				04F73D931B22866500EB1EED /* avatar2.png */,
			);
			name = images;
			sourceTree = "<group>";
		};
		04F73D981B22C1DF00EB1EED /* Services */ = {
			isa = PBXGroup;
			children = (
				04ADC6771B29826A0045B36B /* Tools.h */,
				04ADC6781B29826A0045B36B /* Tools.m */,
				046AD6E61B1D4397008791FE /* NetworkServices.h */,
				04372B0C1B24281300D8623F /* AFLLZGEventsAPIClient.h */,
				04372B0D1B24281300D8623F /* AFLLZGEventsAPIClient.m */,
				04F73D991B22C1FD00EB1EED /* JNKeychain.h */,
				04F73D9A1B22C1FD00EB1EED /* JNKeychain.m */,
				046AD6E71B1D4397008791FE /* NetworkServices.m */,
				046AD6E31B1D3E68008791FE /* AlertsViewController.h */,
				046AD6E41B1D3E68008791FE /* AlertsViewController.m */,
			);
			name = Services;
			sourceTree = "<group>";
		};
		C79F3C5A85F8932FDF56F3E3 /* Frameworks */ = {
			isa = PBXGroup;
			children = (
				04372B0A1B23F20D00D8623F /* CoreLocation.framework */,
				80E9C8B1FA7B099C3BB55EA6 /* libPods.a */,
			);
			name = Frameworks;
			sourceTree = "<group>";
		};
		D71475A4A2827F00BFC3D7FB /* Pods */ = {
			isa = PBXGroup;
			children = (
				5973BB11CBBDA6F578F5240D /* Pods.debug.xcconfig */,
				74C0BB8A5A1E6687A7D186F3 /* Pods.release.xcconfig */,
			);
			name = Pods;
			sourceTree = "<group>";
		};
/* End PBXGroup section */

/* Begin PBXNativeTarget section */
		041347C51AF8B0AF0015E38E /* Events */ = {
			isa = PBXNativeTarget;
			buildConfigurationList = 041347EC1AF8B0AF0015E38E /* Build configuration list for PBXNativeTarget "Events" */;
			buildPhases = (
				07976984DA52FD45AF6FF954 /* Check Pods Manifest.lock */,
				041347C21AF8B0AF0015E38E /* Sources */,
				041347C31AF8B0AF0015E38E /* Frameworks */,
				041347C41AF8B0AF0015E38E /* Resources */,
				7B5B6884429ECAD42C1604B4 /* Copy Pods Resources */,
			);
			buildRules = (
			);
			dependencies = (
			);
			name = Events;
			productName = Events;
			productReference = 041347C61AF8B0AF0015E38E /* Events.app */;
			productType = "com.apple.product-type.application";
		};
		041347E11AF8B0AF0015E38E /* EventsTests */ = {
			isa = PBXNativeTarget;
			buildConfigurationList = 041347EF1AF8B0AF0015E38E /* Build configuration list for PBXNativeTarget "EventsTests" */;
			buildPhases = (
				041347DE1AF8B0AF0015E38E /* Sources */,
				041347DF1AF8B0AF0015E38E /* Frameworks */,
				041347E01AF8B0AF0015E38E /* Resources */,
			);
			buildRules = (
			);
			dependencies = (
				041347E41AF8B0AF0015E38E /* PBXTargetDependency */,
			);
			name = EventsTests;
			productName = EventsTests;
			productReference = 041347E21AF8B0AF0015E38E /* EventsTests.xctest */;
			productType = "com.apple.product-type.bundle.unit-test";
		};
/* End PBXNativeTarget section */

/* Begin PBXProject section */
		041347BE1AF8B0AF0015E38E /* Project object */ = {
			isa = PBXProject;
			attributes = {
				LastUpgradeCheck = 0630;
				ORGANIZATIONNAME = LLZG;
				TargetAttributes = {
					041347C51AF8B0AF0015E38E = {
						CreatedOnToolsVersion = 6.3.1;
					};
					041347E11AF8B0AF0015E38E = {
						CreatedOnToolsVersion = 6.3.1;
						TestTargetID = 041347C51AF8B0AF0015E38E;
					};
				};
			};
			buildConfigurationList = 041347C11AF8B0AF0015E38E /* Build configuration list for PBXProject "Events" */;
			compatibilityVersion = "Xcode 3.2";
			developmentRegion = English;
			hasScannedForEncodings = 0;
			knownRegions = (
				en,
				Base,
			);
			mainGroup = 041347BD1AF8B0AF0015E38E;
			productRefGroup = 041347C71AF8B0AF0015E38E /* Products */;
			projectDirPath = "";
			projectRoot = "";
			targets = (
				041347C51AF8B0AF0015E38E /* Events */,
				041347E11AF8B0AF0015E38E /* EventsTests */,
			);
		};
/* End PBXProject section */

/* Begin PBXResourcesBuildPhase section */
		041347C41AF8B0AF0015E38E /* Resources */ = {
			isa = PBXResourcesBuildPhase;
			buildActionMask = 2147483647;
			files = (
				041347D81AF8B0AF0015E38E /* Main.storyboard in Resources */,
				041347DD1AF8B0AF0015E38E /* LaunchScreen.xib in Resources */,
				04F73D941B22866500EB1EED /* avatar1.jpeg in Resources */,
				04B82F0C1B0AE3C9006ED7A4 /* logo.png in Resources */,
				04FCC3951B15A6340053C8C3 /* yangMi.png in Resources */,
				041347DA1AF8B0AF0015E38E /* Images.xcassets in Resources */,
				04F73D951B22866500EB1EED /* avatar2.png in Resources */,
			);
			runOnlyForDeploymentPostprocessing = 0;
		};
		041347E01AF8B0AF0015E38E /* Resources */ = {
			isa = PBXResourcesBuildPhase;
			buildActionMask = 2147483647;
			files = (
			);
			runOnlyForDeploymentPostprocessing = 0;
		};
/* End PBXResourcesBuildPhase section */

/* Begin PBXShellScriptBuildPhase section */
		07976984DA52FD45AF6FF954 /* Check Pods Manifest.lock */ = {
			isa = PBXShellScriptBuildPhase;
			buildActionMask = 2147483647;
			files = (
			);
			inputPaths = (
			);
			name = "Check Pods Manifest.lock";
			outputPaths = (
			);
			runOnlyForDeploymentPostprocessing = 0;
			shellPath = /bin/sh;
			shellScript = "diff \"${PODS_ROOT}/../Podfile.lock\" \"${PODS_ROOT}/Manifest.lock\" > /dev/null\nif [[ $? != 0 ]] ; then\n    cat << EOM\nerror: The sandbox is not in sync with the Podfile.lock. Run 'pod install' or update your CocoaPods installation.\nEOM\n    exit 1\nfi\n";
			showEnvVarsInLog = 0;
		};
		7B5B6884429ECAD42C1604B4 /* Copy Pods Resources */ = {
			isa = PBXShellScriptBuildPhase;
			buildActionMask = 2147483647;
			files = (
			);
			inputPaths = (
			);
			name = "Copy Pods Resources";
			outputPaths = (
			);
			runOnlyForDeploymentPostprocessing = 0;
			shellPath = /bin/sh;
			shellScript = "\"${SRCROOT}/Pods/Target Support Files/Pods/Pods-resources.sh\"\n";
			showEnvVarsInLog = 0;
		};
/* End PBXShellScriptBuildPhase section */

/* Begin PBXSourcesBuildPhase section */
		041347C21AF8B0AF0015E38E /* Sources */ = {
			isa = PBXSourcesBuildPhase;
			buildActionMask = 2147483647;
			files = (
				04B82F091B0AE0DC006ED7A4 /* EditLogoViewController.m in Sources */,
				04ADC6671B2943830045B36B /* CompanyTableViewCell.m in Sources */,
				04720ED01B16A975009D1B74 /* AgeTableViewCell.m in Sources */,
				046AD6E81B1D4397008791FE /* NetworkServices.m in Sources */,
				046FB8CE1B019C5C00C339AE /* User.m in Sources */,
				04372B0E1B24281300D8623F /* AFLLZGEventsAPIClient.m in Sources */,
				045DBEA71B05CAC500D3581C /* PerformanceTableViewController.m in Sources */,
				04ADC6761B2971080045B36B /* ApplicationDetailTableViewController.m in Sources */,
				047E2A771B268326002E3E90 /* EventLogoTableViewCell.m in Sources */,
				041347D51AF8B0AF0015E38E /* MySpaceViewController.m in Sources */,
				04FCC3931B1596D60053C8C3 /* ApplyTableViewController.m in Sources */,
				04ADC6681B2943830045B36B /* IndustryTableViewCell.m in Sources */,
				047D91CE1AF9B09500631FCE /* CreateEventViewController.m in Sources */,
				048282A41AFB5F7100249E24 /* Event.m in Sources */,
				048282A11AFB5EA900249E24 /* EventDetailsViewController.m in Sources */,
				04ADC66B1B2943830045B36B /* AddressTableViewCell.m in Sources */,
				046AD6E51B1D3E68008791FE /* AlertsViewController.m in Sources */,
				04720ECD1B16A3D4009D1B74 /* Application.m in Sources */,
				043198D31B145D9D00D597B3 /* EventTableViewCell.m in Sources */,
				04F73D9B1B22C1FD00EB1EED /* JNKeychain.m in Sources */,
				041347CF1AF8B0AF0015E38E /* AppDelegate.m in Sources */,
				04ADC6791B29826A0045B36B /* Tools.m in Sources */,
				04B82F101B0B20E7006ED7A4 /* setApplicationsTableViewController.m in Sources */,
				04ADC66C1B2943830045B36B /* IDCardTableViewCell.m in Sources */,
				046164E01B1AEF9000D72B6F /* DiscoverContainerViewController.m in Sources */,
				047E2A7B1B26840F002E3E90 /* EventContentTableViewCell.m in Sources */,
				047E2A741B267FAF002E3E90 /* EventTitleTableViewCell.m in Sources */,
				04ADC6651B2943830045B36B /* ImageTableViewCell.m in Sources */,
				04F73D9E1B22CBD100EB1EED /* MyEventsTableViewController.m in Sources */,
				04ADC64E1B29374E0045B36B /* UserNameTableViewCell.m in Sources */,
				04C99AB41B27E46A00742B71 /* AboutTableViewController.m in Sources */,
				04ADC66A1B2943830045B36B /* PhoneTableViewCell.m in Sources */,
				04ADC6661B2943830045B36B /* JobTitleTableViewCell.m in Sources */,
				04ADC6721B2953A80045B36B /* ApplyTableViewCell.m in Sources */,
				041347D21AF8B0AF0015E38E /* DiscoverViewController.m in Sources */,
				04720ED71B16E26F009D1B74 /* ApplicationsTableViewController.m in Sources */,
				0473E8511B09CA4E00590500 /* CapacityCell.m in Sources */,
				04ADC6511B2937CC0045B36B /* GenderTableViewCell.m in Sources */,
				04ADC66F1B294C8C0045B36B /* RemarkTableViewCell.m in Sources */,
				045D119E1B033666009FCF89 /* ChooseClassificationViewController.m in Sources */,
				041347CC1AF8B0AF0015E38E /* main.m in Sources */,
				045A513A1B087DA50075E811 /* setDateViewController.m in Sources */,
				04C99AB11B27DC9700742B71 /* SettingsTableViewController.m in Sources */,
				04ADC6691B2943830045B36B /* QQTableViewCell.m in Sources */,
				047D91CB1AF9AF1E00631FCE /* LoginViewController.m in Sources */,
			);
			runOnlyForDeploymentPostprocessing = 0;
		};
		041347DE1AF8B0AF0015E38E /* Sources */ = {
			isa = PBXSourcesBuildPhase;
			buildActionMask = 2147483647;
			files = (
				041347E91AF8B0AF0015E38E /* EventsTests.m in Sources */,
			);
			runOnlyForDeploymentPostprocessing = 0;
		};
/* End PBXSourcesBuildPhase section */

/* Begin PBXTargetDependency section */
		041347E41AF8B0AF0015E38E /* PBXTargetDependency */ = {
			isa = PBXTargetDependency;
			target = 041347C51AF8B0AF0015E38E /* Events */;
			targetProxy = 041347E31AF8B0AF0015E38E /* PBXContainerItemProxy */;
		};
/* End PBXTargetDependency section */

/* Begin PBXVariantGroup section */
		041347D61AF8B0AF0015E38E /* Main.storyboard */ = {
			isa = PBXVariantGroup;
			children = (
				041347D71AF8B0AF0015E38E /* Base */,
			);
			name = Main.storyboard;
			sourceTree = "<group>";
		};
		041347DB1AF8B0AF0015E38E /* LaunchScreen.xib */ = {
			isa = PBXVariantGroup;
			children = (
				041347DC1AF8B0AF0015E38E /* Base */,
			);
			name = LaunchScreen.xib;
			sourceTree = "<group>";
		};
/* End PBXVariantGroup section */

/* Begin XCBuildConfiguration section */
		041347EA1AF8B0AF0015E38E /* Debug */ = {
			isa = XCBuildConfiguration;
			buildSettings = {
				ALWAYS_SEARCH_USER_PATHS = NO;
				CLANG_CXX_LANGUAGE_STANDARD = "gnu++0x";
				CLANG_CXX_LIBRARY = "libc++";
				CLANG_ENABLE_MODULES = YES;
				CLANG_ENABLE_OBJC_ARC = YES;
				CLANG_WARN_BOOL_CONVERSION = YES;
				CLANG_WARN_CONSTANT_CONVERSION = YES;
				CLANG_WARN_DIRECT_OBJC_ISA_USAGE = YES_ERROR;
				CLANG_WARN_EMPTY_BODY = YES;
				CLANG_WARN_ENUM_CONVERSION = YES;
				CLANG_WARN_INT_CONVERSION = YES;
				CLANG_WARN_OBJC_ROOT_CLASS = YES_ERROR;
				CLANG_WARN_UNREACHABLE_CODE = YES;
				CLANG_WARN__DUPLICATE_METHOD_MATCH = YES;
				"CODE_SIGN_IDENTITY[sdk=iphoneos*]" = "iPhone Developer";
				COPY_PHASE_STRIP = NO;
				DEBUG_INFORMATION_FORMAT = "dwarf-with-dsym";
				ENABLE_STRICT_OBJC_MSGSEND = YES;
				GCC_C_LANGUAGE_STANDARD = gnu99;
				GCC_DYNAMIC_NO_PIC = NO;
				GCC_NO_COMMON_BLOCKS = YES;
				GCC_OPTIMIZATION_LEVEL = 0;
				GCC_PREPROCESSOR_DEFINITIONS = (
					"DEBUG=1",
					"$(inherited)",
				);
				GCC_SYMBOLS_PRIVATE_EXTERN = NO;
				GCC_WARN_64_TO_32_BIT_CONVERSION = YES;
				GCC_WARN_ABOUT_RETURN_TYPE = YES_ERROR;
				GCC_WARN_UNDECLARED_SELECTOR = YES;
				GCC_WARN_UNINITIALIZED_AUTOS = YES_AGGRESSIVE;
				GCC_WARN_UNUSED_FUNCTION = YES;
				GCC_WARN_UNUSED_VARIABLE = YES;
				IPHONEOS_DEPLOYMENT_TARGET = 8.3;
				MTL_ENABLE_DEBUG_INFO = YES;
				ONLY_ACTIVE_ARCH = YES;
				SDKROOT = iphoneos;
				TARGETED_DEVICE_FAMILY = "1,2";
			};
			name = Debug;
		};
		041347EB1AF8B0AF0015E38E /* Release */ = {
			isa = XCBuildConfiguration;
			buildSettings = {
				ALWAYS_SEARCH_USER_PATHS = NO;
				CLANG_CXX_LANGUAGE_STANDARD = "gnu++0x";
				CLANG_CXX_LIBRARY = "libc++";
				CLANG_ENABLE_MODULES = YES;
				CLANG_ENABLE_OBJC_ARC = YES;
				CLANG_WARN_BOOL_CONVERSION = YES;
				CLANG_WARN_CONSTANT_CONVERSION = YES;
				CLANG_WARN_DIRECT_OBJC_ISA_USAGE = YES_ERROR;
				CLANG_WARN_EMPTY_BODY = YES;
				CLANG_WARN_ENUM_CONVERSION = YES;
				CLANG_WARN_INT_CONVERSION = YES;
				CLANG_WARN_OBJC_ROOT_CLASS = YES_ERROR;
				CLANG_WARN_UNREACHABLE_CODE = YES;
				CLANG_WARN__DUPLICATE_METHOD_MATCH = YES;
				"CODE_SIGN_IDENTITY[sdk=iphoneos*]" = "iPhone Developer";
				COPY_PHASE_STRIP = NO;
				DEBUG_INFORMATION_FORMAT = "dwarf-with-dsym";
				ENABLE_NS_ASSERTIONS = NO;
				ENABLE_STRICT_OBJC_MSGSEND = YES;
				GCC_C_LANGUAGE_STANDARD = gnu99;
				GCC_NO_COMMON_BLOCKS = YES;
				GCC_WARN_64_TO_32_BIT_CONVERSION = YES;
				GCC_WARN_ABOUT_RETURN_TYPE = YES_ERROR;
				GCC_WARN_UNDECLARED_SELECTOR = YES;
				GCC_WARN_UNINITIALIZED_AUTOS = YES_AGGRESSIVE;
				GCC_WARN_UNUSED_FUNCTION = YES;
				GCC_WARN_UNUSED_VARIABLE = YES;
				IPHONEOS_DEPLOYMENT_TARGET = 8.3;
				MTL_ENABLE_DEBUG_INFO = NO;
				SDKROOT = iphoneos;
				TARGETED_DEVICE_FAMILY = "1,2";
				VALIDATE_PRODUCT = YES;
			};
			name = Release;
		};
		041347ED1AF8B0AF0015E38E /* Debug */ = {
			isa = XCBuildConfiguration;
			baseConfigurationReference = 5973BB11CBBDA6F578F5240D /* Pods.debug.xcconfig */;
			buildSettings = {
				ASSETCATALOG_COMPILER_APPICON_NAME = AppIcon;
				FRAMEWORK_SEARCH_PATHS = (
					"$(inherited)",
					"/Users/mac/Downloads/BaiduMap_IOSSDK_v2/BaiduMap_IOSSDK_v2.7.0_Lib/Release-iphonesimulator",
				);
				INFOPLIST_FILE = Events/Info.plist;
				IPHONEOS_DEPLOYMENT_TARGET = 7.0;
				LD_RUNPATH_SEARCH_PATHS = "$(inherited) @executable_path/Frameworks";
				PRODUCT_NAME = "$(TARGET_NAME)";
			};
			name = Debug;
		};
		041347EE1AF8B0AF0015E38E /* Release */ = {
			isa = XCBuildConfiguration;
			baseConfigurationReference = 74C0BB8A5A1E6687A7D186F3 /* Pods.release.xcconfig */;
			buildSettings = {
				ASSETCATALOG_COMPILER_APPICON_NAME = AppIcon;
				FRAMEWORK_SEARCH_PATHS = (
					"$(inherited)",
					"/Users/mac/Downloads/BaiduMap_IOSSDK_v2/BaiduMap_IOSSDK_v2.7.0_Lib/Release-iphonesimulator",
				);
				INFOPLIST_FILE = Events/Info.plist;
				IPHONEOS_DEPLOYMENT_TARGET = 7.0;
				LD_RUNPATH_SEARCH_PATHS = "$(inherited) @executable_path/Frameworks";
				PRODUCT_NAME = "$(TARGET_NAME)";
			};
			name = Release;
		};
		041347F01AF8B0AF0015E38E /* Debug */ = {
			isa = XCBuildConfiguration;
			buildSettings = {
				BUNDLE_LOADER = "$(TEST_HOST)";
				FRAMEWORK_SEARCH_PATHS = (
					"$(SDKROOT)/Developer/Library/Frameworks",
					"$(inherited)",
				);
				GCC_PREPROCESSOR_DEFINITIONS = (
					"DEBUG=1",
					"$(inherited)",
				);
				INFOPLIST_FILE = EventsTests/Info.plist;
				LD_RUNPATH_SEARCH_PATHS = "$(inherited) @executable_path/Frameworks @loader_path/Frameworks";
				PRODUCT_NAME = "$(TARGET_NAME)";
				TEST_HOST = "$(BUILT_PRODUCTS_DIR)/Events.app/Events";
			};
			name = Debug;
		};
		041347F11AF8B0AF0015E38E /* Release */ = {
			isa = XCBuildConfiguration;
			buildSettings = {
				BUNDLE_LOADER = "$(TEST_HOST)";
				FRAMEWORK_SEARCH_PATHS = (
					"$(SDKROOT)/Developer/Library/Frameworks",
					"$(inherited)",
				);
				INFOPLIST_FILE = EventsTests/Info.plist;
				LD_RUNPATH_SEARCH_PATHS = "$(inherited) @executable_path/Frameworks @loader_path/Frameworks";
				PRODUCT_NAME = "$(TARGET_NAME)";
				TEST_HOST = "$(BUILT_PRODUCTS_DIR)/Events.app/Events";
			};
			name = Release;
		};
/* End XCBuildConfiguration section */

/* Begin XCConfigurationList section */
		041347C11AF8B0AF0015E38E /* Build configuration list for PBXProject "Events" */ = {
			isa = XCConfigurationList;
			buildConfigurations = (
				041347EA1AF8B0AF0015E38E /* Debug */,
				041347EB1AF8B0AF0015E38E /* Release */,
			);
			defaultConfigurationIsVisible = 0;
			defaultConfigurationName = Release;
		};
		041347EC1AF8B0AF0015E38E /* Build configuration list for PBXNativeTarget "Events" */ = {
			isa = XCConfigurationList;
			buildConfigurations = (
				041347ED1AF8B0AF0015E38E /* Debug */,
				041347EE1AF8B0AF0015E38E /* Release */,
			);
			defaultConfigurationIsVisible = 0;
			defaultConfigurationName = Release;
		};
		041347EF1AF8B0AF0015E38E /* Build configuration list for PBXNativeTarget "EventsTests" */ = {
			isa = XCConfigurationList;
			buildConfigurations = (
				041347F01AF8B0AF0015E38E /* Debug */,
				041347F11AF8B0AF0015E38E /* Release */,
			);
			defaultConfigurationIsVisible = 0;
			defaultConfigurationName = Release;
		};
/* End XCConfigurationList section */
	};
	rootObject = 041347BE1AF8B0AF0015E38E /* Project object */;
}
